
Microsoft Visual Studio Solution File, Format Version 12.00
# Visual Studio Version 17
VisualStudioVersion = 17.11.35327.3
MinimumVisualStudioVersion = 10.0.40219.1
Project("{FAE04EC0-301F-11D3-BF4B-00C04F79EFBC}") = "P01TypyZmiennych", "P01TypyZmiennych\P01TypyZmiennych.csproj", "{7DDFBCCB-3EC1-46FB-9B72-60DF96945D6E}"
EndProject
Project("{FAE04EC0-301F-11D3-BF4B-00C04F79EFBC}") = "P02WlasneKlasy", "P02WlasneKlasy\P02WlasneKlasy.csproj", "{9C0F013D-A0E2-4499-8BCD-281B7D9AE150}"
EndProject
Project("{FAE04EC0-301F-11D3-BF4B-00C04F79EFBC}") = "P03KlasaKalkulator", "P03KlasaKalkulator\P03KlasaKalkulator.csproj", "{0E7A8213-7777-486A-94B9-3DC954F564D3}"
EndProject
Project("{FAE04EC0-301F-11D3-BF4B-00C04F79EFBC}") = "P04ZadanieKalkulator", "P04ZadanieKalkulator\P04ZadanieKalkulator.csproj", "{37FBB5C9-7FBE-4721-BD20-CDA9B723486D}"
EndProject
Project("{FAE04EC0-301F-11D3-BF4B-00C04F79EFBC}") = "P05ZadanieManagerTekstu", "P05ZadanieManagerTekstu\P05ZadanieManagerTekstu.csproj", "{5AF9A221-643E-4226-B61D-79D5A07FF3FF}"
EndProject
Project("{FAE04EC0-301F-11D3-BF4B-00C04F79EFBC}") = "P06ZadaniePogoda", "P06ZadaniePogoda\P06ZadaniePogoda.csproj", "{9D6F4788-AFC1-4521-A714-BBD1F24590F6}"
EndProject
Project("{FAE04EC0-301F-11D3-BF4B-00C04F79EFBC}") = "P07Enumeratory", "P07Enumeratory\P07Enumeratory.csproj", "{789BE49E-1508-49CC-B0D1-991EEBB46E24}"
EndProject
Project("{FAE04EC0-301F-11D3-BF4B-00C04F79EFBC}") = "P08Wlasciwosci", "P08Wlasciwosci\P08Wlasciwosci.csproj", "{CF140C05-1848-4E51-BE30-C9994D012788}"
EndProject
Project("{FAE04EC0-301F-11D3-BF4B-00C04F79EFBC}") = "P09Konstruktory", "P09Konstruktory\P09Konstruktory.csproj", "{24100210-111A-4257-B9F1-6C6E156DCCC4}"
EndProject
Global
	GlobalSection(SolutionConfigurationPlatforms) = preSolution
		Debug|Any CPU = Debug|Any CPU
		Release|Any CPU = Release|Any CPU
	EndGlobalSection
	GlobalSection(ProjectConfigurationPlatforms) = postSolution
		{7DDFBCCB-3EC1-46FB-9B72-60DF96945D6E}.Debug|Any CPU.ActiveCfg = Debug|Any CPU
		{7DDFBCCB-3EC1-46FB-9B72-60DF96945D6E}.Debug|Any CPU.Build.0 = Debug|Any CPU
		{7DDFBCCB-3EC1-46FB-9B72-60DF96945D6E}.Release|Any CPU.ActiveCfg = Release|Any CPU
		{7DDFBCCB-3EC1-46FB-9B72-60DF96945D6E}.Release|Any CPU.Build.0 = Release|Any CPU
		{9C0F013D-A0E2-4499-8BCD-281B7D9AE150}.Debug|Any CPU.ActiveCfg = Debug|Any CPU
		{9C0F013D-A0E2-4499-8BCD-281B7D9AE150}.Debug|Any CPU.Build.0 = Debug|Any CPU
		{9C0F013D-A0E2-4499-8BCD-281B7D9AE150}.Release|Any CPU.ActiveCfg = Release|Any CPU
		{9C0F013D-A0E2-4499-8BCD-281B7D9AE150}.Release|Any CPU.Build.0 = Release|Any CPU
		{0E7A8213-7777-486A-94B9-3DC954F564D3}.Debug|Any CPU.ActiveCfg = Debug|Any CPU
		{0E7A8213-7777-486A-94B9-3DC954F564D3}.Debug|Any CPU.Build.0 = Debug|Any CPU
		{0E7A8213-7777-486A-94B9-3DC954F564D3}.Release|Any CPU.ActiveCfg = Release|Any CPU
		{0E7A8213-7777-486A-94B9-3DC954F564D3}.Release|Any CPU.Build.0 = Release|Any CPU
		{37FBB5C9-7FBE-4721-BD20-CDA9B723486D}.Debug|Any CPU.ActiveCfg = Debug|Any CPU
		{37FBB5C9-7FBE-4721-BD20-CDA9B723486D}.Debug|Any CPU.Build.0 = Debug|Any CPU
		{37FBB5C9-7FBE-4721-BD20-CDA9B723486D}.Release|Any CPU.ActiveCfg = Release|Any CPU
		{37FBB5C9-7FBE-4721-BD20-CDA9B723486D}.Release|Any CPU.Build.0 = Release|Any CPU
		{5AF9A221-643E-4226-B61D-79D5A07FF3FF}.Debug|Any CPU.ActiveCfg = Debug|Any CPU
		{5AF9A221-643E-4226-B61D-79D5A07FF3FF}.Debug|Any CPU.Build.0 = Debug|Any CPU
		{5AF9A221-643E-4226-B61D-79D5A07FF3FF}.Release|Any CPU.ActiveCfg = Release|Any CPU
		{5AF9A221-643E-4226-B61D-79D5A07FF3FF}.Release|Any CPU.Build.0 = Release|Any CPU
		{9D6F4788-AFC1-4521-A714-BBD1F24590F6}.Debug|Any CPU.ActiveCfg = Debug|Any CPU
		{9D6F4788-AFC1-4521-A714-BBD1F24590F6}.Debug|Any CPU.Build.0 = Debug|Any CPU
		{9D6F4788-AFC1-4521-A714-BBD1F24590F6}.Release|Any CPU.ActiveCfg = Release|Any CPU
		{9D6F4788-AFC1-4521-A714-BBD1F24590F6}.Release|Any CPU.Build.0 = Release|Any CPU
		{789BE49E-1508-49CC-B0D1-991EEBB46E24}.Debug|Any CPU.ActiveCfg = Debug|Any CPU
		{789BE49E-1508-49CC-B0D1-991EEBB46E24}.Debug|Any CPU.Build.0 = Debug|Any CPU
		{789BE49E-1508-49CC-B0D1-991EEBB46E24}.Release|Any CPU.ActiveCfg = Release|Any CPU
		{789BE49E-1508-49CC-B0D1-991EEBB46E24}.Release|Any CPU.Build.0 = Release|Any CPU
		{CF140C05-1848-4E51-BE30-C9994D012788}.Debug|Any CPU.ActiveCfg = Debug|Any CPU
		{CF140C05-1848-4E51-BE30-C9994D012788}.Debug|Any CPU.Build.0 = Debug|Any CPU
		{CF140C05-1848-4E51-BE30-C9994D012788}.Release|Any CPU.ActiveCfg = Release|Any CPU
		{CF140C05-1848-4E51-BE30-C9994D012788}.Release|Any CPU.Build.0 = Release|Any CPU
		{24100210-111A-4257-B9F1-6C6E156DCCC4}.Debug|Any CPU.ActiveCfg = Debug|Any CPU
		{24100210-111A-4257-B9F1-6C6E156DCCC4}.Debug|Any CPU.Build.0 = Debug|Any CPU
		{24100210-111A-4257-B9F1-6C6E156DCCC4}.Release|Any CPU.ActiveCfg = Release|Any CPU
		{24100210-111A-4257-B9F1-6C6E156DCCC4}.Release|Any CPU.Build.0 = Release|Any CPU
	EndGlobalSection
	GlobalSection(SolutionProperties) = preSolution
		HideSolutionNode = FALSE
	EndGlobalSection
	GlobalSection(ExtensibilityGlobals) = postSolution
		SolutionGuid = {F885D85E-4AAB-471C-9A50-7DA28AB2CB3F}
	EndGlobalSection
EndGlobal
